{
  "requires": true,
  "lockfileVersion": 1,
  "dependencies": {
    "react-rating": {
      "version": "1.0.4",
      "resolved": "https://registry.npmjs.org/react-rating/-/react-rating-1.0.4.tgz",
      "integrity": "sha512-TnABv9pc+DLQ6NUJhSKBUdMHdrVKx2ACNBqyFzBRpj589FA1X1gc8z+PI+LaXQ1654rA2t2be6L9Udv8bMJjPg=="
    }
  }
}
